// !$*UTF8*$!
{
	archiveVersion = 1;
	classes = {
	};
	objectVersion = 55;
	objects = {

/* Begin PBXBuildFile section */
		3503B1F02885F0EF00989E1A /* ZemogaPostsApp.swift in Sources */ = {isa = PBXBuildFile; fileRef = 3503B1EF2885F0EF00989E1A /* ZemogaPostsApp.swift */; };
		3503B1F22885F0EF00989E1A /* PostsView.swift in Sources */ = {isa = PBXBuildFile; fileRef = 3503B1F12885F0EF00989E1A /* PostsView.swift */; };
		3503B1F42885F0F000989E1A /* Assets.xcassets in Resources */ = {isa = PBXBuildFile; fileRef = 3503B1F32885F0F000989E1A /* Assets.xcassets */; };
		3503B1F72885F0F000989E1A /* Preview Assets.xcassets in Resources */ = {isa = PBXBuildFile; fileRef = 3503B1F62885F0F000989E1A /* Preview Assets.xcassets */; };
		3503B2012885F0F100989E1A /* ZemogaPostsTests.swift in Sources */ = {isa = PBXBuildFile; fileRef = 3503B2002885F0F100989E1A /* ZemogaPostsTests.swift */; };
		3503B20B2885F0F100989E1A /* ZemogaPostsUITests.swift in Sources */ = {isa = PBXBuildFile; fileRef = 3503B20A2885F0F100989E1A /* ZemogaPostsUITests.swift */; };
		3503B20D2885F0F100989E1A /* ZemogaPostsUITestsLaunchTests.swift in Sources */ = {isa = PBXBuildFile; fileRef = 3503B20C2885F0F100989E1A /* ZemogaPostsUITestsLaunchTests.swift */; };
		3503B21B2885F4FB00989E1A /* Constants.swift in Sources */ = {isa = PBXBuildFile; fileRef = 3503B21A2885F4FB00989E1A /* Constants.swift */; };
		3503B21F2885F5EC00989E1A /* PostsViewModel.swift in Sources */ = {isa = PBXBuildFile; fileRef = 3503B21E2885F5EC00989E1A /* PostsViewModel.swift */; };
		3503B2212885F65C00989E1A /* PostModel.swift in Sources */ = {isa = PBXBuildFile; fileRef = 3503B2202885F65C00989E1A /* PostModel.swift */; };
		3503B2242885F90200989E1A /* CommentModel.swift in Sources */ = {isa = PBXBuildFile; fileRef = 3503B2232885F90200989E1A /* CommentModel.swift */; };
		3503B2262886286F00989E1A /* DescriptionViewModel.swift in Sources */ = {isa = PBXBuildFile; fileRef = 3503B2252886286F00989E1A /* DescriptionViewModel.swift */; };
		3503B228288629DD00989E1A /* UserModel.swift in Sources */ = {isa = PBXBuildFile; fileRef = 3503B227288629DD00989E1A /* UserModel.swift */; };
		3503B22A28862C5000989E1A /* DescriptionView.swift in Sources */ = {isa = PBXBuildFile; fileRef = 3503B22928862C5000989E1A /* DescriptionView.swift */; };
		3503B22D28870CCE00989E1A /* PostsService.swift in Sources */ = {isa = PBXBuildFile; fileRef = 3503B22C28870CCE00989E1A /* PostsService.swift */; };
/* End PBXBuildFile section */

/* Begin PBXContainerItemProxy section */
		3503B1FD2885F0F100989E1A /* PBXContainerItemProxy */ = {
			isa = PBXContainerItemProxy;
			containerPortal = 3503B1E42885F0EF00989E1A /* Project object */;
			proxyType = 1;
			remoteGlobalIDString = 3503B1EB2885F0EF00989E1A;
			remoteInfo = ZemogaPosts;
		};
		3503B2072885F0F100989E1A /* PBXContainerItemProxy */ = {
			isa = PBXContainerItemProxy;
			containerPortal = 3503B1E42885F0EF00989E1A /* Project object */;
			proxyType = 1;
			remoteGlobalIDString = 3503B1EB2885F0EF00989E1A;
			remoteInfo = ZemogaPosts;
		};
/* End PBXContainerItemProxy section */

/* Begin PBXFileReference section */
		3503B1EC2885F0EF00989E1A /* ZemogaPosts.app */ = {isa = PBXFileReference; explicitFileType = wrapper.application; includeInIndex = 0; path = ZemogaPosts.app; sourceTree = BUILT_PRODUCTS_DIR; };
		3503B1EF2885F0EF00989E1A /* ZemogaPostsApp.swift */ = {isa = PBXFileReference; lastKnownFileType = sourcecode.swift; path = ZemogaPostsApp.swift; sourceTree = "<group>"; };
		3503B1F12885F0EF00989E1A /* PostsView.swift */ = {isa = PBXFileReference; lastKnownFileType = sourcecode.swift; path = PostsView.swift; sourceTree = "<group>"; };
		3503B1F32885F0F000989E1A /* Assets.xcassets */ = {isa = PBXFileReference; lastKnownFileType = folder.assetcatalog; path = Assets.xcassets; sourceTree = "<group>"; };
		3503B1F62885F0F000989E1A /* Preview Assets.xcassets */ = {isa = PBXFileReference; lastKnownFileType = folder.assetcatalog; path = "Preview Assets.xcassets"; sourceTree = "<group>"; };
		3503B1FC2885F0F100989E1A /* ZemogaPostsTests.xctest */ = {isa = PBXFileReference; explicitFileType = wrapper.cfbundle; includeInIndex = 0; path = ZemogaPostsTests.xctest; sourceTree = BUILT_PRODUCTS_DIR; };
		3503B2002885F0F100989E1A /* ZemogaPostsTests.swift */ = {isa = PBXFileReference; lastKnownFileType = sourcecode.swift; path = ZemogaPostsTests.swift; sourceTree = "<group>"; };
		3503B2062885F0F100989E1A /* ZemogaPostsUITests.xctest */ = {isa = PBXFileReference; explicitFileType = wrapper.cfbundle; includeInIndex = 0; path = ZemogaPostsUITests.xctest; sourceTree = BUILT_PRODUCTS_DIR; };
		3503B20A2885F0F100989E1A /* ZemogaPostsUITests.swift */ = {isa = PBXFileReference; lastKnownFileType = sourcecode.swift; path = ZemogaPostsUITests.swift; sourceTree = "<group>"; };
		3503B20C2885F0F100989E1A /* ZemogaPostsUITestsLaunchTests.swift */ = {isa = PBXFileReference; lastKnownFileType = sourcecode.swift; path = ZemogaPostsUITestsLaunchTests.swift; sourceTree = "<group>"; };
		3503B21A2885F4FB00989E1A /* Constants.swift */ = {isa = PBXFileReference; lastKnownFileType = sourcecode.swift; path = Constants.swift; sourceTree = "<group>"; };
		3503B21E2885F5EC00989E1A /* PostsViewModel.swift */ = {isa = PBXFileReference; lastKnownFileType = sourcecode.swift; path = PostsViewModel.swift; sourceTree = "<group>"; };
		3503B2202885F65C00989E1A /* PostModel.swift */ = {isa = PBXFileReference; lastKnownFileType = sourcecode.swift; path = PostModel.swift; sourceTree = "<group>"; };
		3503B2232885F90200989E1A /* CommentModel.swift */ = {isa = PBXFileReference; lastKnownFileType = sourcecode.swift; path = CommentModel.swift; sourceTree = "<group>"; };
		3503B2252886286F00989E1A /* DescriptionViewModel.swift */ = {isa = PBXFileReference; lastKnownFileType = sourcecode.swift; path = DescriptionViewModel.swift; sourceTree = "<group>"; };
		3503B227288629DD00989E1A /* UserModel.swift */ = {isa = PBXFileReference; lastKnownFileType = sourcecode.swift; path = UserModel.swift; sourceTree = "<group>"; };
		3503B22928862C5000989E1A /* DescriptionView.swift */ = {isa = PBXFileReference; lastKnownFileType = sourcecode.swift; path = DescriptionView.swift; sourceTree = "<group>"; };
		3503B22C28870CCE00989E1A /* PostsService.swift */ = {isa = PBXFileReference; lastKnownFileType = sourcecode.swift; path = PostsService.swift; sourceTree = "<group>"; };
/* End PBXFileReference section */

/* Begin PBXFrameworksBuildPhase section */
		3503B1E92885F0EF00989E1A /* Frameworks */ = {
			isa = PBXFrameworksBuildPhase;
			buildActionMask = 2147483647;
			files = (
			);
			runOnlyForDeploymentPostprocessing = 0;
		};
		3503B1F92885F0F100989E1A /* Frameworks */ = {
			isa = PBXFrameworksBuildPhase;
			buildActionMask = 2147483647;
			files = (
			);
			runOnlyForDeploymentPostprocessing = 0;
		};
		3503B2032885F0F100989E1A /* Frameworks */ = {
			isa = PBXFrameworksBuildPhase;
			buildActionMask = 2147483647;
			files = (
			);
			runOnlyForDeploymentPostprocessing = 0;
		};
/* End PBXFrameworksBuildPhase section */

/* Begin PBXGroup section */
		3503B1E32885F0EF00989E1A = {
			isa = PBXGroup;
			children = (
				3503B1EE2885F0EF00989E1A /* ZemogaPosts */,
				3503B1FF2885F0F100989E1A /* ZemogaPostsTests */,
				3503B2092885F0F100989E1A /* ZemogaPostsUITests */,
				3503B1ED2885F0EF00989E1A /* Products */,
			);
			sourceTree = "<group>";
		};
		3503B1ED2885F0EF00989E1A /* Products */ = {
			isa = PBXGroup;
			children = (
				3503B1EC2885F0EF00989E1A /* ZemogaPosts.app */,
				3503B1FC2885F0F100989E1A /* ZemogaPostsTests.xctest */,
				3503B2062885F0F100989E1A /* ZemogaPostsUITests.xctest */,
			);
			name = Products;
			sourceTree = "<group>";
		};
		3503B1EE2885F0EF00989E1A /* ZemogaPosts */ = {
			isa = PBXGroup;
			children = (
				3503B22B28870CA000989E1A /* Service */,
				3503B2222885F72600989E1A /* Model */,
				3503B21D2885F5AB00989E1A /* Description */,
				3503B21C2885F5A100989E1A /* Posts */,
				3503B2192885F4ED00989E1A /* Utils */,
				3503B1EF2885F0EF00989E1A /* ZemogaPostsApp.swift */,
				3503B1F32885F0F000989E1A /* Assets.xcassets */,
				3503B1F52885F0F000989E1A /* Preview Content */,
			);
			path = ZemogaPosts;
			sourceTree = "<group>";
		};
		3503B1F52885F0F000989E1A /* Preview Content */ = {
			isa = PBXGroup;
			children = (
				3503B1F62885F0F000989E1A /* Preview Assets.xcassets */,
			);
			path = "Preview Content";
			sourceTree = "<group>";
		};
		3503B1FF2885F0F100989E1A /* ZemogaPostsTests */ = {
			isa = PBXGroup;
			children = (
				3503B2002885F0F100989E1A /* ZemogaPostsTests.swift */,
			);
			path = ZemogaPostsTests;
			sourceTree = "<group>";
		};
		3503B2092885F0F100989E1A /* ZemogaPostsUITests */ = {
			isa = PBXGroup;
			children = (
				3503B20A2885F0F100989E1A /* ZemogaPostsUITests.swift */,
				3503B20C2885F0F100989E1A /* ZemogaPostsUITestsLaunchTests.swift */,
			);
			path = ZemogaPostsUITests;
			sourceTree = "<group>";
		};
		3503B2192885F4ED00989E1A /* Utils */ = {
			isa = PBXGroup;
			children = (
				3503B21A2885F4FB00989E1A /* Constants.swift */,
			);
			path = Utils;
			sourceTree = "<group>";
		};
		3503B21C2885F5A100989E1A /* Posts */ = {
			isa = PBXGroup;
			children = (
				3503B1F12885F0EF00989E1A /* PostsView.swift */,
				3503B21E2885F5EC00989E1A /* PostsViewModel.swift */,
			);
			path = Posts;
			sourceTree = "<group>";
		};
		3503B21D2885F5AB00989E1A /* Description */ = {
			isa = PBXGroup;
			children = (
				3503B22928862C5000989E1A /* DescriptionView.swift */,
				3503B2252886286F00989E1A /* DescriptionViewModel.swift */,
			);
			path = Description;
			sourceTree = "<group>";
		};
		3503B2222885F72600989E1A /* Model */ = {
			isa = PBXGroup;
			children = (
				3503B2202885F65C00989E1A /* PostModel.swift */,
				3503B2232885F90200989E1A /* CommentModel.swift */,
				3503B227288629DD00989E1A /* UserModel.swift */,
			);
			path = Model;
			sourceTree = "<group>";
		};
		3503B22B28870CA000989E1A /* Service */ = {
			isa = PBXGroup;
			children = (
				3503B22C28870CCE00989E1A /* PostsService.swift */,
			);
			path = Service;
			sourceTree = "<group>";
		};
/* End PBXGroup section */

/* Begin PBXNativeTarget section */
		3503B1EB2885F0EF00989E1A /* ZemogaPosts */ = {
			isa = PBXNativeTarget;
			buildConfigurationList = 3503B2102885F0F100989E1A /* Build configuration list for PBXNativeTarget "ZemogaPosts" */;
			buildPhases = (
				3503B1E82885F0EF00989E1A /* Sources */,
				3503B1E92885F0EF00989E1A /* Frameworks */,
				3503B1EA2885F0EF00989E1A /* Resources */,
			);
			buildRules = (
			);
			dependencies = (
			);
			name = ZemogaPosts;
			productName = ZemogaPosts;
			productReference = 3503B1EC2885F0EF00989E1A /* ZemogaPosts.app */;
			productType = "com.apple.product-type.application";
		};
		3503B1FB2885F0F100989E1A /* ZemogaPostsTests */ = {
			isa = PBXNativeTarget;
			buildConfigurationList = 3503B2132885F0F100989E1A /* Build configuration list for PBXNativeTarget "ZemogaPostsTests" */;
			buildPhases = (
				3503B1F82885F0F100989E1A /* Sources */,
				3503B1F92885F0F100989E1A /* Frameworks */,
				3503B1FA2885F0F100989E1A /* Resources */,
			);
			buildRules = (
			);
			dependencies = (
				3503B1FE2885F0F100989E1A /* PBXTargetDependency */,
			);
			name = ZemogaPostsTests;
			productName = ZemogaPostsTests;
			productReference = 3503B1FC2885F0F100989E1A /* ZemogaPostsTests.xctest */;
			productType = "com.apple.product-type.bundle.unit-test";
		};
		3503B2052885F0F100989E1A /* ZemogaPostsUITests */ = {
			isa = PBXNativeTarget;
			buildConfigurationList = 3503B2162885F0F100989E1A /* Build configuration list for PBXNativeTarget "ZemogaPostsUITests" */;
			buildPhases = (
				3503B2022885F0F100989E1A /* Sources */,
				3503B2032885F0F100989E1A /* Frameworks */,
				3503B2042885F0F100989E1A /* Resources */,
			);
			buildRules = (
			);
			dependencies = (
				3503B2082885F0F100989E1A /* PBXTargetDependency */,
			);
			name = ZemogaPostsUITests;
			productName = ZemogaPostsUITests;
			productReference = 3503B2062885F0F100989E1A /* ZemogaPostsUITests.xctest */;
			productType = "com.apple.product-type.bundle.ui-testing";
		};
/* End PBXNativeTarget section */

/* Begin PBXProject section */
		3503B1E42885F0EF00989E1A /* Project object */ = {
			isa = PBXProject;
			attributes = {
				BuildIndependentTargetsInParallel = 1;
				LastSwiftUpdateCheck = 1340;
				LastUpgradeCheck = 1340;
				TargetAttributes = {
					3503B1EB2885F0EF00989E1A = {
						CreatedOnToolsVersion = 13.4.1;
					};
					3503B1FB2885F0F100989E1A = {
						CreatedOnToolsVersion = 13.4.1;
						TestTargetID = 3503B1EB2885F0EF00989E1A;
					};
					3503B2052885F0F100989E1A = {
						CreatedOnToolsVersion = 13.4.1;
						TestTargetID = 3503B1EB2885F0EF00989E1A;
					};
				};
			};
			buildConfigurationList = 3503B1E72885F0EF00989E1A /* Build configuration list for PBXProject "ZemogaPosts" */;
			compatibilityVersion = "Xcode 13.0";
			developmentRegion = en;
			hasScannedForEncodings = 0;
			knownRegions = (
				en,
				Base,
			);
			mainGroup = 3503B1E32885F0EF00989E1A;
			productRefGroup = 3503B1ED2885F0EF00989E1A /* Products */;
			projectDirPath = "";
			projectRoot = "";
			targets = (
				3503B1EB2885F0EF00989E1A /* ZemogaPosts */,
				3503B1FB2885F0F100989E1A /* ZemogaPostsTests */,
				3503B2052885F0F100989E1A /* ZemogaPostsUITests */,
			);
		};
/* End PBXProject section */

/* Begin PBXResourcesBuildPhase section */
		3503B1EA2885F0EF00989E1A /* Resources */ = {
			isa = PBXResourcesBuildPhase;
			buildActionMask = 2147483647;
			files = (
				3503B1F72885F0F000989E1A /* Preview Assets.xcassets in Resources */,
				3503B1F42885F0F000989E1A /* Assets.xcassets in Resources */,
			);
			runOnlyForDeploymentPostprocessing = 0;
		};
		3503B1FA2885F0F100989E1A /* Resources */ = {
			isa = PBXResourcesBuildPhase;
			buildActionMask = 2147483647;
			files = (
			);
			runOnlyForDeploymentPostprocessing = 0;
		};
		3503B2042885F0F100989E1A /* Resources */ = {
			isa = PBXResourcesBuildPhase;
			buildActionMask = 2147483647;
			files = (
			);
			runOnlyForDeploymentPostprocessing = 0;
		};
/* End PBXResourcesBuildPhase section */

/* Begin PBXSourcesBuildPhase section */
		3503B1E82885F0EF00989E1A /* Sources */ = {
			isa = PBXSourcesBuildPhase;
			buildActionMask = 2147483647;
			files = (
				3503B21F2885F5EC00989E1A /* PostsViewModel.swift in Sources */,
				3503B2242885F90200989E1A /* CommentModel.swift in Sources */,
				3503B228288629DD00989E1A /* UserModel.swift in Sources */,
				3503B22A28862C5000989E1A /* DescriptionView.swift in Sources */,
				3503B2212885F65C00989E1A /* PostModel.swift in Sources */,
				3503B22D28870CCE00989E1A /* PostsService.swift in Sources */,
				3503B1F22885F0EF00989E1A /* PostsView.swift in Sources */,
				3503B2262886286F00989E1A /* DescriptionViewModel.swift in Sources */,
				3503B1F02885F0EF00989E1A /* ZemogaPostsApp.swift in Sources */,
				3503B21B2885F4FB00989E1A /* Constants.swift in Sources */,
			);
			runOnlyForDeploymentPostprocessing = 0;
		};
		3503B1F82885F0F100989E1A /* Sources */ = {
			isa = PBXSourcesBuildPhase;
			buildActionMask = 2147483647;
			files = (
				3503B2012885F0F100989E1A /* ZemogaPostsTests.swift in Sources */,
			);
			runOnlyForDeploymentPostprocessing = 0;
		};
		3503B2022885F0F100989E1A /* Sources */ = {
			isa = PBXSourcesBuildPhase;
			buildActionMask = 2147483647;
			files = (
				3503B20B2885F0F100989E1A /* ZemogaPostsUITests.swift in Sources */,
				3503B20D2885F0F100989E1A /* ZemogaPostsUITestsLaunchTests.swift in Sources */,
			);
			runOnlyForDeploymentPostprocessing = 0;
		};
/* End PBXSourcesBuildPhase section */

/* Begin PBXTargetDependency section */
		3503B1FE2885F0F100989E1A /* PBXTargetDependency */ = {
			isa = PBXTargetDependency;
			target = 3503B1EB2885F0EF00989E1A /* ZemogaPosts */;
			targetProxy = 3503B1FD2885F0F100989E1A /* PBXContainerItemProxy */;
		};
		3503B2082885F0F100989E1A /* PBXTargetDependency */ = {
			isa = PBXTargetDependency;
			target = 3503B1EB2885F0EF00989E1A /* ZemogaPosts */;
			targetProxy = 3503B2072885F0F100989E1A /* PBXContainerItemProxy */;
		};
/* End PBXTargetDependency section */

/* Begin XCBuildConfiguration section */
		3503B20E2885F0F100989E1A /* Debug */ = {
			isa = XCBuildConfiguration;
			buildSettings = {
				ALWAYS_SEARCH_USER_PATHS = NO;
				CLANG_ANALYZER_NONNULL = YES;
				CLANG_ANALYZER_NUMBER_OBJECT_CONVERSION = YES_AGGRESSIVE;
				CLANG_CXX_LANGUAGE_STANDARD = "gnu++17";
				CLANG_ENABLE_MODULES = YES;
				CLANG_ENABLE_OBJC_ARC = YES;
				CLANG_ENABLE_OBJC_WEAK = YES;
				CLANG_WARN_BLOCK_CAPTURE_AUTORELEASING = YES;
				CLANG_WARN_BOOL_CONVERSION = YES;
				CLANG_WARN_COMMA = YES;
				CLANG_WARN_CONSTANT_CONVERSION = YES;
				CLANG_WARN_DEPRECATED_OBJC_IMPLEMENTATIONS = YES;
				CLANG_WARN_DIRECT_OBJC_ISA_USAGE = YES_ERROR;
				CLANG_WARN_DOCUMENTATION_COMMENTS = YES;
				CLANG_WARN_EMPTY_BODY = YES;
				CLANG_WARN_ENUM_CONVERSION = YES;
				CLANG_WARN_INFINITE_RECURSION = YES;
				CLANG_WARN_INT_CONVERSION = YES;
				CLANG_WARN_NON_LITERAL_NULL_CONVERSION = YES;
				CLANG_WARN_OBJC_IMPLICIT_RETAIN_SELF = YES;
				CLANG_WARN_OBJC_LITERAL_CONVERSION = YES;
				CLANG_WARN_OBJC_ROOT_CLASS = YES_ERROR;
				CLANG_WARN_QUOTED_INCLUDE_IN_FRAMEWORK_HEADER = YES;
				CLANG_WARN_RANGE_LOOP_ANALYSIS = YES;
				CLANG_WARN_STRICT_PROTOTYPES = YES;
				CLANG_WARN_SUSPICIOUS_MOVE = YES;
				CLANG_WARN_UNGUARDED_AVAILABILITY = YES_AGGRESSIVE;
				CLANG_WARN_UNREACHABLE_CODE = YES;
				CLANG_WARN__DUPLICATE_METHOD_MATCH = YES;
				COPY_PHASE_STRIP = NO;
				DEBUG_INFORMATION_FORMAT = dwarf;
				ENABLE_STRICT_OBJC_MSGSEND = YES;
				ENABLE_TESTABILITY = YES;
				GCC_C_LANGUAGE_STANDARD = gnu11;
				GCC_DYNAMIC_NO_PIC = NO;
				GCC_NO_COMMON_BLOCKS = YES;
				GCC_OPTIMIZATION_LEVEL = 0;
				GCC_PREPROCESSOR_DEFINITIONS = (
					"DEBUG=1",
					"$(inherited)",
				);
				GCC_WARN_64_TO_32_BIT_CONVERSION = YES;
				GCC_WARN_ABOUT_RETURN_TYPE = YES_ERROR;
				GCC_WARN_UNDECLARED_SELECTOR = YES;
				GCC_WARN_UNINITIALIZED_AUTOS = YES_AGGRESSIVE;
				GCC_WARN_UNUSED_FUNCTION = YES;
				GCC_WARN_UNUSED_VARIABLE = YES;
				IPHONEOS_DEPLOYMENT_TARGET = 15.5;
				MTL_ENABLE_DEBUG_INFO = INCLUDE_SOURCE;
				MTL_FAST_MATH = YES;
				ONLY_ACTIVE_ARCH = YES;
				SDKROOT = iphoneos;
				SWIFT_ACTIVE_COMPILATION_CONDITIONS = DEBUG;
				SWIFT_OPTIMIZATION_LEVEL = "-Onone";
			};
			name = Debug;
		};
		3503B20F2885F0F100989E1A /* Release */ = {
			isa = XCBuildConfiguration;
			buildSettings = {
				ALWAYS_SEARCH_USER_PATHS = NO;
				CLANG_ANALYZER_NONNULL = YES;
				CLANG_ANALYZER_NUMBER_OBJECT_CONVERSION = YES_AGGRESSIVE;
				CLANG_CXX_LANGUAGE_STANDARD = "gnu++17";
				CLANG_ENABLE_MODULES = YES;
				CLANG_ENABLE_OBJC_ARC = YES;
				CLANG_ENABLE_OBJC_WEAK = YES;
				CLANG_WARN_BLOCK_CAPTURE_AUTORELEASING = YES;
				CLANG_WARN_BOOL_CONVERSION = YES;
				CLANG_WARN_COMMA = YES;
				CLANG_WARN_CONSTANT_CONVERSION = YES;
				CLANG_WARN_DEPRECATED_OBJC_IMPLEMENTATIONS = YES;
				CLANG_WARN_DIRECT_OBJC_ISA_USAGE = YES_ERROR;
				CLANG_WARN_DOCUMENTATION_COMMENTS = YES;
				CLANG_WARN_EMPTY_BODY = YES;
				CLANG_WARN_ENUM_CONVERSION = YES;
				CLANG_WARN_INFINITE_RECURSION = YES;
				CLANG_WARN_INT_CONVERSION = YES;
				CLANG_WARN_NON_LITERAL_NULL_CONVERSION = YES;
				CLANG_WARN_OBJC_IMPLICIT_RETAIN_SELF = YES;
				CLANG_WARN_OBJC_LITERAL_CONVERSION = YES;
				CLANG_WARN_OBJC_ROOT_CLASS = YES_ERROR;
				CLANG_WARN_QUOTED_INCLUDE_IN_FRAMEWORK_HEADER = YES;
				CLANG_WARN_RANGE_LOOP_ANALYSIS = YES;
				CLANG_WARN_STRICT_PROTOTYPES = YES;
				CLANG_WARN_SUSPICIOUS_MOVE = YES;
				CLANG_WARN_UNGUARDED_AVAILABILITY = YES_AGGRESSIVE;
				CLANG_WARN_UNREACHABLE_CODE = YES;
				CLANG_WARN__DUPLICATE_METHOD_MATCH = YES;
				COPY_PHASE_STRIP = NO;
				DEBUG_INFORMATION_FORMAT = "dwarf-with-dsym";
				ENABLE_NS_ASSERTIONS = NO;
				ENABLE_STRICT_OBJC_MSGSEND = YES;
				GCC_C_LANGUAGE_STANDARD = gnu11;
				GCC_NO_COMMON_BLOCKS = YES;
				GCC_WARN_64_TO_32_BIT_CONVERSION = YES;
				GCC_WARN_ABOUT_RETURN_TYPE = YES_ERROR;
				GCC_WARN_UNDECLARED_SELECTOR = YES;
				GCC_WARN_UNINITIALIZED_AUTOS = YES_AGGRESSIVE;
				GCC_WARN_UNUSED_FUNCTION = YES;
				GCC_WARN_UNUSED_VARIABLE = YES;
				IPHONEOS_DEPLOYMENT_TARGET = 15.5;
				MTL_ENABLE_DEBUG_INFO = NO;
				MTL_FAST_MATH = YES;
				SDKROOT = iphoneos;
				SWIFT_COMPILATION_MODE = wholemodule;
				SWIFT_OPTIMIZATION_LEVEL = "-O";
				VALIDATE_PRODUCT = YES;
			};
			name = Release;
		};
		3503B2112885F0F100989E1A /* Debug */ = {
			isa = XCBuildConfiguration;
			buildSettings = {
				ASSETCATALOG_COMPILER_APPICON_NAME = AppIcon;
				ASSETCATALOG_COMPILER_GLOBAL_ACCENT_COLOR_NAME = AccentColor;
				CODE_SIGN_STYLE = Automatic;
				CURRENT_PROJECT_VERSION = 1;
				DEVELOPMENT_ASSET_PATHS = "\"ZemogaPosts/Preview Content\"";
				DEVELOPMENT_TEAM = 73PPY9ST8Z;
				ENABLE_PREVIEWS = YES;
				GENERATE_INFOPLIST_FILE = YES;
				INFOPLIST_KEY_UIApplicationSceneManifest_Generation = YES;
				INFOPLIST_KEY_UIApplicationSupportsIndirectInputEvents = YES;
				INFOPLIST_KEY_UILaunchScreen_Generation = YES;
				INFOPLIST_KEY_UISupportedInterfaceOrientations_iPad = "UIInterfaceOrientationPortrait UIInterfaceOrientationPortraitUpsideDown UIInterfaceOrientationLandscapeLeft UIInterfaceOrientationLandscapeRight";
				INFOPLIST_KEY_UISupportedInterfaceOrientations_iPhone = "UIInterfaceOrientationPortrait UIInterfaceOrientationLandscapeLeft UIInterfaceOrientationLandscapeRight";
				LD_RUNPATH_SEARCH_PATHS = (
					"$(inherited)",
					"@executable_path/Frameworks",
				);
				MARKETING_VERSION = 1.0;
				PRODUCT_BUNDLE_IDENTIFIER = com.josebr.zemoga.techtest.ZemogaPosts;
				PRODUCT_NAME = "$(TARGET_NAME)";
				SWIFT_EMIT_LOC_STRINGS = YES;
				SWIFT_VERSION = 5.0;
				TARGETED_DEVICE_FAMILY = "1,2";
			};
			name = Debug;
		};
		3503B2122885F0F100989E1A /* Release */ = {
			isa = XCBuildConfiguration;
			buildSettings = {
				ASSETCATALOG_COMPILER_APPICON_NAME = AppIcon;
				ASSETCATALOG_COMPILER_GLOBAL_ACCENT_COLOR_NAME = AccentColor;
				CODE_SIGN_STYLE = Automatic;
				CURRENT_PROJECT_VERSION = 1;
				DEVELOPMENT_ASSET_PATHS = "\"ZemogaPosts/Preview Content\"";
				DEVELOPMENT_TEAM = 73PPY9ST8Z;
				ENABLE_PREVIEWS = YES;
				GENERATE_INFOPLIST_FILE = YES;
				INFOPLIST_KEY_UIApplicationSceneManifest_Generation = YES;
				INFOPLIST_KEY_UIApplicationSupportsIndirectInputEvents = YES;
				INFOPLIST_KEY_UILaunchScreen_Generation = YES;
				INFOPLIST_KEY_UISupportedInterfaceOrientations_iPad = "UIInterfaceOrientationPortrait UIInterfaceOrientationPortraitUpsideDown UIInterfaceOrientationLandscapeLeft UIInterfaceOrientationLandscapeRight";
				INFOPLIST_KEY_UISupportedInterfaceOrientations_iPhone = "UIInterfaceOrientationPortrait UIInterfaceOrientationLandscapeLeft UIInterfaceOrientationLandscapeRight";
				LD_RUNPATH_SEARCH_PATHS = (
					"$(inherited)",
					"@executable_path/Frameworks",
				);
				MARKETING_VERSION = 1.0;
				PRODUCT_BUNDLE_IDENTIFIER = com.josebr.zemoga.techtest.ZemogaPosts;
				PRODUCT_NAME = "$(TARGET_NAME)";
				SWIFT_EMIT_LOC_STRINGS = YES;
				SWIFT_VERSION = 5.0;
				TARGETED_DEVICE_FAMILY = "1,2";
			};
			name = Release;
		};
		3503B2142885F0F100989E1A /* Debug */ = {
			isa = XCBuildConfiguration;
			buildSettings = {
				ALWAYS_EMBED_SWIFT_STANDARD_LIBRARIES = YES;
				BUNDLE_LOADER = "$(TEST_HOST)";
				CODE_SIGN_STYLE = Automatic;
				CURRENT_PROJECT_VERSION = 1;
				DEVELOPMENT_TEAM = 73PPY9ST8Z;
				GENERATE_INFOPLIST_FILE = YES;
				IPHONEOS_DEPLOYMENT_TARGET = 15.5;
				MARKETING_VERSION = 1.0;
				PRODUCT_BUNDLE_IDENTIFIER = com.josebr.zemoga.techtest.ZemogaPostsTests;
				PRODUCT_NAME = "$(TARGET_NAME)";
				SWIFT_EMIT_LOC_STRINGS = NO;
				SWIFT_VERSION = 5.0;
				TARGETED_DEVICE_FAMILY = "1,2";
				TEST_HOST = "$(BUILT_PRODUCTS_DIR)/ZemogaPosts.app/ZemogaPosts";
			};
			name = Debug;
		};
		3503B2152885F0F100989E1A /* Release */ = {
			isa = XCBuildConfiguration;
			buildSettings = {
				ALWAYS_EMBED_SWIFT_STANDARD_LIBRARIES = YES;
				BUNDLE_LOADER = "$(TEST_HOST)";
				CODE_SIGN_STYLE = Automatic;
				CURRENT_PROJECT_VERSION = 1;
				DEVELOPMENT_TEAM = 73PPY9ST8Z;
				GENERATE_INFOPLIST_FILE = YES;
				IPHONEOS_DEPLOYMENT_TARGET = 15.5;
				MARKETING_VERSION = 1.0;
				PRODUCT_BUNDLE_IDENTIFIER = com.josebr.zemoga.techtest.ZemogaPostsTests;
				PRODUCT_NAME = "$(TARGET_NAME)";
				SWIFT_EMIT_LOC_STRINGS = NO;
				SWIFT_VERSION = 5.0;
				TARGETED_DEVICE_FAMILY = "1,2";
				TEST_HOST = "$(BUILT_PRODUCTS_DIR)/ZemogaPosts.app/ZemogaPosts";
			};
			name = Release;
		};
		3503B2172885F0F100989E1A /* Debug */ = {
			isa = XCBuildConfiguration;
			buildSettings = {
				ALWAYS_EMBED_SWIFT_STANDARD_LIBRARIES = YES;
				CODE_SIGN_STYLE = Automatic;
				CURRENT_PROJECT_VERSION = 1;
				DEVELOPMENT_TEAM = 73PPY9ST8Z;
				GENERATE_INFOPLIST_FILE = YES;
				MARKETING_VERSION = 1.0;
				PRODUCT_BUNDLE_IDENTIFIER = com.josebr.zemoga.techtest.ZemogaPostsUITests;
				PRODUCT_NAME = "$(TARGET_NAME)";
				SWIFT_EMIT_LOC_STRINGS = NO;
				SWIFT_VERSION = 5.0;
				TARGETED_DEVICE_FAMILY = "1,2";
				TEST_TARGET_NAME = ZemogaPosts;
			};
			name = Debug;
		};
		3503B2182885F0F100989E1A /* Release */ = {
			isa = XCBuildConfiguration;
			buildSettings = {
				ALWAYS_EMBED_SWIFT_STANDARD_LIBRARIES = YES;
				CODE_SIGN_STYLE = Automatic;
				CURRENT_PROJECT_VERSION = 1;
				DEVELOPMENT_TEAM = 73PPY9ST8Z;
				GENERATE_INFOPLIST_FILE = YES;
				MARKETING_VERSION = 1.0;
				PRODUCT_BUNDLE_IDENTIFIER = com.josebr.zemoga.techtest.ZemogaPostsUITests;
				PRODUCT_NAME = "$(TARGET_NAME)";
				SWIFT_EMIT_LOC_STRINGS = NO;
				SWIFT_VERSION = 5.0;
				TARGETED_DEVICE_FAMILY = "1,2";
				TEST_TARGET_NAME = ZemogaPosts;
			};
			name = Release;
		};
/* End XCBuildConfiguration section */

/* Begin XCConfigurationList section */
		3503B1E72885F0EF00989E1A /* Build configuration list for PBXProject "ZemogaPosts" */ = {
			isa = XCConfigurationList;
			buildConfigurations = (
				3503B20E2885F0F100989E1A /* Debug */,
				3503B20F2885F0F100989E1A /* Release */,
			);
			defaultConfigurationIsVisible = 0;
			defaultConfigurationName = Release;
		};
		3503B2102885F0F100989E1A /* Build configuration list for PBXNativeTarget "ZemogaPosts" */ = {
			isa = XCConfigurationList;
			buildConfigurations = (
				3503B2112885F0F100989E1A /* Debug */,
				3503B2122885F0F100989E1A /* Release */,
			);
			defaultConfigurationIsVisible = 0;
			defaultConfigurationName = Release;
		};
		3503B2132885F0F100989E1A /* Build configuration list for PBXNativeTarget "ZemogaPostsTests" */ = {
			isa = XCConfigurationList;
			buildConfigurations = (
				3503B2142885F0F100989E1A /* Debug */,
				3503B2152885F0F100989E1A /* Release */,
			);
			defaultConfigurationIsVisible = 0;
			defaultConfigurationName = Release;
		};
		3503B2162885F0F100989E1A /* Build configuration list for PBXNativeTarget "ZemogaPostsUITests" */ = {
			isa = XCConfigurationList;
			buildConfigurations = (
				3503B2172885F0F100989E1A /* Debug */,
				3503B2182885F0F100989E1A /* Release */,
			);
			defaultConfigurationIsVisible = 0;
			defaultConfigurationName = Release;
		};
/* End XCConfigurationList section */
	};
	rootObject = 3503B1E42885F0EF00989E1A /* Project object */;
}
